{
  "lockfileVersion": 2,
  "configVersion": 1,
  "workspaces": {
    "": {
      "name": "dotfiles",
      "devDependencies": {
        "@a2f0/agent-tool": "0.1.7",
      },
    },
  },
  "packages": {
    "@a2f0/agent-tool": ["@a2f0/agent-tool@0.1.7", "", { "bin": { "agent-tool": "src/index.ts" } }, "sha512-3r//uck7XGzFD7gxkV1vmvUBFhYi9HaMCwkhkhgOmsU96leOHNQXH9a8j4zJ5yDaANUSgHAg7SMpkajMqTM/Ag=="],
  }
}
